
Microsoft Visual Studio Solution File, Format Version 12.00
# Visual Studio 15
VisualStudioVersion = 15.0.26730.15
MinimumVisualStudioVersion = 10.0.40219.1
Project("{FAE04EC0-301F-11D3-BF4B-00C04F79EFBC}") = "Graphs", "Graphs\Graphs.csproj", "{2080919D-111E-48F8-9696-6622DCC40515}"
EndProject
Global
	GlobalSection(SolutionConfigurationPlatforms) = preSolution
		Debug|Any CPU = Debug|Any CPU
		Release|Any CPU = Release|Any CPU
	EndGlobalSection
	GlobalSection(ProjectConfigurationPlatforms) = postSolution
		{2080919D-111E-48F8-9696-6622DCC40515}.Debug|Any CPU.ActiveCfg = Debug|Any CPU
		{2080919D-111E-48F8-9696-6622DCC40515}.Debug|Any CPU.Build.0 = Debug|Any CPU
		{2080919D-111E-48F8-9696-6622DCC40515}.Release|Any CPU.ActiveCfg = Release|Any CPU
		{2080919D-111E-48F8-9696-6622DCC40515}.Release|Any CPU.Build.0 = Release|Any CPU
	EndGlobalSection
	GlobalSection(SolutionProperties) = preSolution
		HideSolutionNode = FALSE
	EndGlobalSection
	GlobalSection(ExtensibilityGlobals) = postSolution
		SolutionGuid = {DE050E75-CD66-4FDC-8486-5BBEC687BD00}
	EndGlobalSection
EndGlobal
